
Microsoft Visual Studio Solution File, Format Version 12.00
# Visual Studio Version 16
VisualStudioVersion = 16.0.30002.166
MinimumVisualStudioVersion = 10.0.40219.1
Project("{FAE04EC0-301F-11D3-BF4B-00C04F79EFBC}") = "ServicesAndroidAppSample", "ServicesAndroidAppSample\ServicesAndroidAppSample.csproj", "{DF3D4343-6083-4C5E-A2C4-D45C0DA95549}"
EndProject
Global
	GlobalSection(SolutionConfigurationPlatforms) = preSolution
		Debug|Any CPU = Debug|Any CPU
		Release|Any CPU = Release|Any CPU
	EndGlobalSection
	GlobalSection(ProjectConfigurationPlatforms) = postSolution
		{DF3D4343-6083-4C5E-A2C4-D45C0DA95549}.Debug|Any CPU.ActiveCfg = Debug|Any CPU
		{DF3D4343-6083-4C5E-A2C4-D45C0DA95549}.Debug|Any CPU.Build.0 = Debug|Any CPU
		{DF3D4343-6083-4C5E-A2C4-D45C0DA95549}.Debug|Any CPU.Deploy.0 = Debug|Any CPU
		{DF3D4343-6083-4C5E-A2C4-D45C0DA95549}.Release|Any CPU.ActiveCfg = Release|Any CPU
		{DF3D4343-6083-4C5E-A2C4-D45C0DA95549}.Release|Any CPU.Build.0 = Release|Any CPU
		{DF3D4343-6083-4C5E-A2C4-D45C0DA95549}.Release|Any CPU.Deploy.0 = Release|Any CPU
	EndGlobalSection
	GlobalSection(SolutionProperties) = preSolution
		HideSolutionNode = FALSE
	EndGlobalSection
	GlobalSection(ExtensibilityGlobals) = postSolution
		SolutionGuid = {5B09D06B-DDF0-4981-89A0-4EC15D601906}
	EndGlobalSection
EndGlobal
